
Microsoft Visual Studio Solution File, Format Version 12.00
# Visual Studio Version 16
VisualStudioVersion = 16.0.29009.5
MinimumVisualStudioVersion = 10.0.40219.1
Project("{F2A71F9B-5D33-465A-A702-920D77279786}") = "Compulsory1", "Compulsory1\Compulsory1.fsproj", "{63E2DE95-B16E-43CF-AF6B-E0754503955D}"
EndProject
Global
	GlobalSection(SolutionConfigurationPlatforms) = preSolution
		Debug|Any CPU = Debug|Any CPU
		Release|Any CPU = Release|Any CPU
	EndGlobalSection
	GlobalSection(ProjectConfigurationPlatforms) = postSolution
		{63E2DE95-B16E-43CF-AF6B-E0754503955D}.Debug|Any CPU.ActiveCfg = Debug|Any CPU
		{63E2DE95-B16E-43CF-AF6B-E0754503955D}.Debug|Any CPU.Build.0 = Debug|Any CPU
		{63E2DE95-B16E-43CF-AF6B-E0754503955D}.Release|Any CPU.ActiveCfg = Release|Any CPU
		{63E2DE95-B16E-43CF-AF6B-E0754503955D}.Release|Any CPU.Build.0 = Release|Any CPU
	EndGlobalSection
	GlobalSection(SolutionProperties) = preSolution
		HideSolutionNode = FALSE
	EndGlobalSection
	GlobalSection(ExtensibilityGlobals) = postSolution
		SolutionGuid = {801EA344-12EC-42B6-B6E3-60983E6547C2}
	EndGlobalSection
EndGlobal
